
Microsoft Visual Studio Solution File, Format Version 12.00
# Visual Studio 2012
Project("{D954291E-2A0B-460D-934E-DC6B0785DB48}") = "GHExplorer.Shared", "GHExplorer\GHExplorer.Shared.shproj", "{6C4E19C9-E9DD-49B7-B136-9F5144F1B3A3}"
EndProject
Project("{FAE04EC0-301F-11D3-BF4B-00C04F79EFBC}") = "GHExplorer.iOS", "iOS\GHExplorer.iOS.csproj", "{53533C8D-C89A-4B76-BA4F-AE5558B9BE0D}"
EndProject
Project("{FAE04EC0-301F-11D3-BF4B-00C04F79EFBC}") = "GHExplorer.Android", "Android\GHExplorer.Android.csproj", "{4BF7369B-E2A6-445A-A357-1F0E983D0B41}"
EndProject
Global
	GlobalSection(SolutionConfigurationPlatforms) = preSolution
		Debug|iPhoneSimulator = Debug|iPhoneSimulator
		Release|iPhoneSimulator = Release|iPhoneSimulator
		Debug|iPhone = Debug|iPhone
		Release|iPhone = Release|iPhone
		Ad-Hoc|iPhone = Ad-Hoc|iPhone
		AppStore|iPhone = AppStore|iPhone
		Debug|Any CPU = Debug|Any CPU
		Release|Any CPU = Release|Any CPU
	EndGlobalSection
	GlobalSection(ProjectConfigurationPlatforms) = postSolution
		{4BF7369B-E2A6-445A-A357-1F0E983D0B41}.Ad-Hoc|iPhone.ActiveCfg = Release|Any CPU
		{4BF7369B-E2A6-445A-A357-1F0E983D0B41}.Ad-Hoc|iPhone.Build.0 = Release|Any CPU
		{4BF7369B-E2A6-445A-A357-1F0E983D0B41}.AppStore|iPhone.ActiveCfg = Release|Any CPU
		{4BF7369B-E2A6-445A-A357-1F0E983D0B41}.AppStore|iPhone.Build.0 = Release|Any CPU
		{4BF7369B-E2A6-445A-A357-1F0E983D0B41}.Debug|Any CPU.ActiveCfg = Debug|Any CPU
		{4BF7369B-E2A6-445A-A357-1F0E983D0B41}.Debug|Any CPU.Build.0 = Debug|Any CPU
		{4BF7369B-E2A6-445A-A357-1F0E983D0B41}.Debug|iPhone.ActiveCfg = Debug|Any CPU
		{4BF7369B-E2A6-445A-A357-1F0E983D0B41}.Debug|iPhone.Build.0 = Debug|Any CPU
		{4BF7369B-E2A6-445A-A357-1F0E983D0B41}.Debug|iPhoneSimulator.ActiveCfg = Debug|Any CPU
		{4BF7369B-E2A6-445A-A357-1F0E983D0B41}.Debug|iPhoneSimulator.Build.0 = Debug|Any CPU
		{4BF7369B-E2A6-445A-A357-1F0E983D0B41}.Release|Any CPU.ActiveCfg = Release|Any CPU
		{4BF7369B-E2A6-445A-A357-1F0E983D0B41}.Release|Any CPU.Build.0 = Release|Any CPU
		{4BF7369B-E2A6-445A-A357-1F0E983D0B41}.Release|iPhone.ActiveCfg = Release|Any CPU
		{4BF7369B-E2A6-445A-A357-1F0E983D0B41}.Release|iPhone.Build.0 = Release|Any CPU
		{4BF7369B-E2A6-445A-A357-1F0E983D0B41}.Release|iPhoneSimulator.ActiveCfg = Release|Any CPU
		{4BF7369B-E2A6-445A-A357-1F0E983D0B41}.Release|iPhoneSimulator.Build.0 = Release|Any CPU
		{53533C8D-C89A-4B76-BA4F-AE5558B9BE0D}.Ad-Hoc|iPhone.ActiveCfg = Ad-Hoc|iPhone
		{53533C8D-C89A-4B76-BA4F-AE5558B9BE0D}.Ad-Hoc|iPhone.Build.0 = Ad-Hoc|iPhone
		{53533C8D-C89A-4B76-BA4F-AE5558B9BE0D}.AppStore|iPhone.ActiveCfg = AppStore|iPhone
		{53533C8D-C89A-4B76-BA4F-AE5558B9BE0D}.AppStore|iPhone.Build.0 = AppStore|iPhone
		{53533C8D-C89A-4B76-BA4F-AE5558B9BE0D}.Debug|Any CPU.ActiveCfg = Debug|iPhoneSimulator
		{53533C8D-C89A-4B76-BA4F-AE5558B9BE0D}.Debug|Any CPU.Build.0 = Debug|iPhoneSimulator
		{53533C8D-C89A-4B76-BA4F-AE5558B9BE0D}.Debug|iPhone.ActiveCfg = Debug|iPhone
		{53533C8D-C89A-4B76-BA4F-AE5558B9BE0D}.Debug|iPhone.Build.0 = Debug|iPhone
		{53533C8D-C89A-4B76-BA4F-AE5558B9BE0D}.Debug|iPhoneSimulator.ActiveCfg = Debug|iPhoneSimulator
		{53533C8D-C89A-4B76-BA4F-AE5558B9BE0D}.Debug|iPhoneSimulator.Build.0 = Debug|iPhoneSimulator
		{53533C8D-C89A-4B76-BA4F-AE5558B9BE0D}.Release|Any CPU.ActiveCfg = Release|iPhoneSimulator
		{53533C8D-C89A-4B76-BA4F-AE5558B9BE0D}.Release|Any CPU.Build.0 = Release|iPhoneSimulator
		{53533C8D-C89A-4B76-BA4F-AE5558B9BE0D}.Release|iPhone.ActiveCfg = Release|iPhone
		{53533C8D-C89A-4B76-BA4F-AE5558B9BE0D}.Release|iPhone.Build.0 = Release|iPhone
		{53533C8D-C89A-4B76-BA4F-AE5558B9BE0D}.Release|iPhoneSimulator.ActiveCfg = Release|iPhoneSimulator
		{53533C8D-C89A-4B76-BA4F-AE5558B9BE0D}.Release|iPhoneSimulator.Build.0 = Release|iPhoneSimulator
		{6C4E19C9-E9DD-49B7-B136-9F5144F1B3A3}.Ad-Hoc|iPhone.ActiveCfg = Debug|iPhoneSimulator
		{6C4E19C9-E9DD-49B7-B136-9F5144F1B3A3}.Ad-Hoc|iPhone.Build.0 = Debug|iPhoneSimulator
		{6C4E19C9-E9DD-49B7-B136-9F5144F1B3A3}.AppStore|iPhone.ActiveCfg = Debug|iPhoneSimulator
		{6C4E19C9-E9DD-49B7-B136-9F5144F1B3A3}.AppStore|iPhone.Build.0 = Debug|iPhoneSimulator
		{6C4E19C9-E9DD-49B7-B136-9F5144F1B3A3}.Debug|Any CPU.ActiveCfg = Debug|iPhoneSimulator
		{6C4E19C9-E9DD-49B7-B136-9F5144F1B3A3}.Debug|Any CPU.Build.0 = Debug|iPhoneSimulator
		{6C4E19C9-E9DD-49B7-B136-9F5144F1B3A3}.Debug|iPhone.ActiveCfg = Debug|iPhoneSimulator
		{6C4E19C9-E9DD-49B7-B136-9F5144F1B3A3}.Debug|iPhone.Build.0 = Debug|iPhoneSimulator
		{6C4E19C9-E9DD-49B7-B136-9F5144F1B3A3}.Debug|iPhoneSimulator.ActiveCfg = Debug|iPhoneSimulator
		{6C4E19C9-E9DD-49B7-B136-9F5144F1B3A3}.Debug|iPhoneSimulator.Build.0 = Debug|iPhoneSimulator
		{6C4E19C9-E9DD-49B7-B136-9F5144F1B3A3}.Release|Any CPU.ActiveCfg = Debug|iPhoneSimulator
		{6C4E19C9-E9DD-49B7-B136-9F5144F1B3A3}.Release|Any CPU.Build.0 = Debug|iPhoneSimulator
		{6C4E19C9-E9DD-49B7-B136-9F5144F1B3A3}.Release|iPhone.ActiveCfg = Debug|iPhoneSimulator
		{6C4E19C9-E9DD-49B7-B136-9F5144F1B3A3}.Release|iPhone.Build.0 = Debug|iPhoneSimulator
		{6C4E19C9-E9DD-49B7-B136-9F5144F1B3A3}.Release|iPhoneSimulator.ActiveCfg = Debug|iPhoneSimulator
		{6C4E19C9-E9DD-49B7-B136-9F5144F1B3A3}.Release|iPhoneSimulator.Build.0 = Debug|iPhoneSimulator
	EndGlobalSection
	GlobalSection(MonoDevelopProperties) = preSolution
		StartupItem = iOS\GHExplorer.iOS.csproj
	EndGlobalSection
EndGlobal
